
Microsoft Visual Studio Solution File, Format Version 12.00
# Visual Studio Version 17
VisualStudioVersion = 17.14.36401.2 d17.14
MinimumVisualStudioVersion = 10.0.40219.1
Project("{FAE04EC0-301F-11D3-BF4B-00C04F79EFBC}") = "Reyes_CRUD", "Reyes_CRUD\Reyes_CRUD.csproj", "{B9680468-558E-45DA-9BF8-3EFAAC37F563}"
EndProject
Global
	GlobalSection(SolutionConfigurationPlatforms) = preSolution
		Debug|Any CPU = Debug|Any CPU
		Release|Any CPU = Release|Any CPU
	EndGlobalSection
	GlobalSection(ProjectConfigurationPlatforms) = postSolution
		{B9680468-558E-45DA-9BF8-3EFAAC37F563}.Debug|Any CPU.ActiveCfg = Debug|Any CPU
		{B9680468-558E-45DA-9BF8-3EFAAC37F563}.Debug|Any CPU.Build.0 = Debug|Any CPU
		{B9680468-558E-45DA-9BF8-3EFAAC37F563}.Release|Any CPU.ActiveCfg = Release|Any CPU
		{B9680468-558E-45DA-9BF8-3EFAAC37F563}.Release|Any CPU.Build.0 = Release|Any CPU
	EndGlobalSection
	GlobalSection(SolutionProperties) = preSolution
		HideSolutionNode = FALSE
	EndGlobalSection
	GlobalSection(ExtensibilityGlobals) = postSolution
		SolutionGuid = {6646E877-A2D6-4338-B774-B3C83CF44477}
	EndGlobalSection
EndGlobal
